
Microsoft Visual Studio Solution File, Format Version 12.00
# Visual Studio Version 17
VisualStudioVersion = 17.10.34928.147
MinimumVisualStudioVersion = 10.0.40219.1
Project("{9A19103F-16F7-4668-BE54-9A1E7A4F7556}") = "ButtonGridder", "ButtonGridder\ButtonGridder.csproj", "{1C851BD2-D976-49EC-905A-C03997C6C981}"
EndProject
Project("{9A19103F-16F7-4668-BE54-9A1E7A4F7556}") = "ButtonGridder.Desktop", "ButtonGridder.Desktop\ButtonGridder.Desktop.csproj", "{978D80E0-9EDD-4D56-8AF7-6CE41715B452}"
EndProject
Project("{9A19103F-16F7-4668-BE54-9A1E7A4F7556}") = "ButtonGridder.Browser", "ButtonGridder.Browser\ButtonGridder.Browser.csproj", "{3459358B-7A96-45F4-BC74-74006067C844}"
EndProject
Project("{FAE04EC0-301F-11D3-BF4B-00C04F79EFBC}") = "DelayReproTest", "DelayReproTest\DelayReproTest.csproj", "{5BA9A99A-9EA0-4B4D-B128-18A68A764BD6}"
EndProject
Global
	GlobalSection(SolutionConfigurationPlatforms) = preSolution
		Debug|Any CPU = Debug|Any CPU
		Release|Any CPU = Release|Any CPU
	EndGlobalSection
	GlobalSection(ProjectConfigurationPlatforms) = postSolution
		{1C851BD2-D976-49EC-905A-C03997C6C981}.Debug|Any CPU.ActiveCfg = Debug|Any CPU
		{1C851BD2-D976-49EC-905A-C03997C6C981}.Debug|Any CPU.Build.0 = Debug|Any CPU
		{1C851BD2-D976-49EC-905A-C03997C6C981}.Release|Any CPU.ActiveCfg = Release|Any CPU
		{1C851BD2-D976-49EC-905A-C03997C6C981}.Release|Any CPU.Build.0 = Release|Any CPU
		{978D80E0-9EDD-4D56-8AF7-6CE41715B452}.Debug|Any CPU.ActiveCfg = Debug|Any CPU
		{978D80E0-9EDD-4D56-8AF7-6CE41715B452}.Debug|Any CPU.Build.0 = Debug|Any CPU
		{978D80E0-9EDD-4D56-8AF7-6CE41715B452}.Release|Any CPU.ActiveCfg = Release|Any CPU
		{978D80E0-9EDD-4D56-8AF7-6CE41715B452}.Release|Any CPU.Build.0 = Release|Any CPU
		{3459358B-7A96-45F4-BC74-74006067C844}.Debug|Any CPU.ActiveCfg = Debug|Any CPU
		{3459358B-7A96-45F4-BC74-74006067C844}.Debug|Any CPU.Build.0 = Debug|Any CPU
		{3459358B-7A96-45F4-BC74-74006067C844}.Release|Any CPU.ActiveCfg = Release|Any CPU
		{3459358B-7A96-45F4-BC74-74006067C844}.Release|Any CPU.Build.0 = Release|Any CPU
		{5BA9A99A-9EA0-4B4D-B128-18A68A764BD6}.Debug|Any CPU.ActiveCfg = Debug|Any CPU
		{5BA9A99A-9EA0-4B4D-B128-18A68A764BD6}.Debug|Any CPU.Build.0 = Debug|Any CPU
		{5BA9A99A-9EA0-4B4D-B128-18A68A764BD6}.Release|Any CPU.ActiveCfg = Release|Any CPU
		{5BA9A99A-9EA0-4B4D-B128-18A68A764BD6}.Release|Any CPU.Build.0 = Release|Any CPU
	EndGlobalSection
	GlobalSection(SolutionProperties) = preSolution
		HideSolutionNode = FALSE
	EndGlobalSection
	GlobalSection(ExtensibilityGlobals) = postSolution
		SolutionGuid = {0E31D6D2-DDC8-4C1C-9B56-A5DC85DD37EE}
	EndGlobalSection
EndGlobal
